
Microsoft Visual Studio Solution File, Format Version 12.00
# Visual Studio 15
VisualStudioVersion = 15.0.28307.329
MinimumVisualStudioVersion = 10.0.40219.1
Project("{FAE04EC0-301F-11D3-BF4B-00C04F79EFBC}") = "Aspiri.Web", "Aspiri.Web\Aspiri.Web.csproj", "{320ACD9B-B18A-445A-94E7-9A8E8E72E59C}"
EndProject
Global
	GlobalSection(SolutionConfigurationPlatforms) = preSolution
		Debug|Any CPU = Debug|Any CPU
		Release|Any CPU = Release|Any CPU
	EndGlobalSection
	GlobalSection(ProjectConfigurationPlatforms) = postSolution
		{320ACD9B-B18A-445A-94E7-9A8E8E72E59C}.Debug|Any CPU.ActiveCfg = Debug|Any CPU
		{320ACD9B-B18A-445A-94E7-9A8E8E72E59C}.Debug|Any CPU.Build.0 = Debug|Any CPU
		{320ACD9B-B18A-445A-94E7-9A8E8E72E59C}.Release|Any CPU.ActiveCfg = Release|Any CPU
		{320ACD9B-B18A-445A-94E7-9A8E8E72E59C}.Release|Any CPU.Build.0 = Release|Any CPU
	EndGlobalSection
	GlobalSection(SolutionProperties) = preSolution
		HideSolutionNode = FALSE
	EndGlobalSection
	GlobalSection(ExtensibilityGlobals) = postSolution
		SolutionGuid = {3B71F4D9-994E-49C2-8AFA-2F11DD9871B0}
	EndGlobalSection
EndGlobal
