
Microsoft Visual Studio Solution File, Format Version 12.00
# Visual Studio 15
VisualStudioVersion = 15.0.28010.2016
MinimumVisualStudioVersion = 10.0.40219.1
Project("{FAE04EC0-301F-11D3-BF4B-00C04F79EFBC}") = "Playground.Configuration", "Playground.Configuration\Playground.Configuration.csproj", "{3EB6B473-511A-46B7-99D7-4E3E7ACB9768}"
EndProject
Project("{FAE04EC0-301F-11D3-BF4B-00C04F79EFBC}") = "Playground.Data", "Playground.Data\Playground.Data.csproj", "{2A2178BD-41B6-46B7-8E24-82018E97528D}"
EndProject
Project("{FAE04EC0-301F-11D3-BF4B-00C04F79EFBC}") = "Playground.Settings", "Playground.Settings\Playground.Settings.csproj", "{E3CD8909-BE2C-440E-B831-98CF91DCE3EC}"
EndProject
Project("{FAE04EC0-301F-11D3-BF4B-00C04F79EFBC}") = "Playground.Web", "Playground.Web\Playground.Web.csproj", "{3EC20BE7-8CD9-4602-A879-53E5F46C2619}"
EndProject
Project("{FAE04EC0-301F-11D3-BF4B-00C04F79EFBC}") = "Playground.Tools", "Playground.Tools\Playground.Tools.csproj", "{BC46118B-CE32-449C-9720-0644AB0BA511}"
EndProject
Global
	GlobalSection(SolutionConfigurationPlatforms) = preSolution
		Debug|Any CPU = Debug|Any CPU
		Release|Any CPU = Release|Any CPU
	EndGlobalSection
	GlobalSection(ProjectConfigurationPlatforms) = postSolution
		{3EB6B473-511A-46B7-99D7-4E3E7ACB9768}.Debug|Any CPU.ActiveCfg = Debug|Any CPU
		{3EB6B473-511A-46B7-99D7-4E3E7ACB9768}.Debug|Any CPU.Build.0 = Debug|Any CPU
		{3EB6B473-511A-46B7-99D7-4E3E7ACB9768}.Release|Any CPU.ActiveCfg = Release|Any CPU
		{3EB6B473-511A-46B7-99D7-4E3E7ACB9768}.Release|Any CPU.Build.0 = Release|Any CPU
		{2A2178BD-41B6-46B7-8E24-82018E97528D}.Debug|Any CPU.ActiveCfg = Debug|Any CPU
		{2A2178BD-41B6-46B7-8E24-82018E97528D}.Debug|Any CPU.Build.0 = Debug|Any CPU
		{2A2178BD-41B6-46B7-8E24-82018E97528D}.Release|Any CPU.ActiveCfg = Release|Any CPU
		{2A2178BD-41B6-46B7-8E24-82018E97528D}.Release|Any CPU.Build.0 = Release|Any CPU
		{E3CD8909-BE2C-440E-B831-98CF91DCE3EC}.Debug|Any CPU.ActiveCfg = Debug|Any CPU
		{E3CD8909-BE2C-440E-B831-98CF91DCE3EC}.Debug|Any CPU.Build.0 = Debug|Any CPU
		{E3CD8909-BE2C-440E-B831-98CF91DCE3EC}.Release|Any CPU.ActiveCfg = Release|Any CPU
		{E3CD8909-BE2C-440E-B831-98CF91DCE3EC}.Release|Any CPU.Build.0 = Release|Any CPU
		{3EC20BE7-8CD9-4602-A879-53E5F46C2619}.Debug|Any CPU.ActiveCfg = Debug|Any CPU
		{3EC20BE7-8CD9-4602-A879-53E5F46C2619}.Debug|Any CPU.Build.0 = Debug|Any CPU
		{3EC20BE7-8CD9-4602-A879-53E5F46C2619}.Release|Any CPU.ActiveCfg = Release|Any CPU
		{3EC20BE7-8CD9-4602-A879-53E5F46C2619}.Release|Any CPU.Build.0 = Release|Any CPU
		{BC46118B-CE32-449C-9720-0644AB0BA511}.Debug|Any CPU.ActiveCfg = Debug|Any CPU
		{BC46118B-CE32-449C-9720-0644AB0BA511}.Debug|Any CPU.Build.0 = Debug|Any CPU
		{BC46118B-CE32-449C-9720-0644AB0BA511}.Release|Any CPU.ActiveCfg = Release|Any CPU
		{BC46118B-CE32-449C-9720-0644AB0BA511}.Release|Any CPU.Build.0 = Release|Any CPU
	EndGlobalSection
	GlobalSection(SolutionProperties) = preSolution
		HideSolutionNode = FALSE
	EndGlobalSection
	GlobalSection(ExtensibilityGlobals) = postSolution
		SolutionGuid = {AFCFD8A6-48C4-404A-9FC1-8EE40E07533D}
	EndGlobalSection
EndGlobal
