
Microsoft Visual Studio Solution File, Format Version 12.00
# Visual Studio 15
VisualStudioVersion = 15.0.28010.2016
MinimumVisualStudioVersion = 10.0.40219.1
Project("{9A19103F-16F7-4668-BE54-9A1E7A4F7556}") = "Playground", "Playground\Playground.csproj", "{C275EFD5-038E-4EB5-9D76-28E4B364B3EF}"
EndProject
Project("{9A19103F-16F7-4668-BE54-9A1E7A4F7556}") = "Data", "Data\Data.csproj", "{776EABE9-FF27-4F04-A1FA-ADF100F71AE8}"
EndProject
Project("{FAE04EC0-301F-11D3-BF4B-00C04F79EFBC}") = "Database", "Database\Database.csproj", "{D15A6D09-62E7-4144-81DC-6CEDB43082D4}"
EndProject
Global
	GlobalSection(SolutionConfigurationPlatforms) = preSolution
		Debug|Any CPU = Debug|Any CPU
		Release|Any CPU = Release|Any CPU
	EndGlobalSection
	GlobalSection(ProjectConfigurationPlatforms) = postSolution
		{C275EFD5-038E-4EB5-9D76-28E4B364B3EF}.Debug|Any CPU.ActiveCfg = Debug|Any CPU
		{C275EFD5-038E-4EB5-9D76-28E4B364B3EF}.Debug|Any CPU.Build.0 = Debug|Any CPU
		{C275EFD5-038E-4EB5-9D76-28E4B364B3EF}.Release|Any CPU.ActiveCfg = Release|Any CPU
		{C275EFD5-038E-4EB5-9D76-28E4B364B3EF}.Release|Any CPU.Build.0 = Release|Any CPU
		{776EABE9-FF27-4F04-A1FA-ADF100F71AE8}.Debug|Any CPU.ActiveCfg = Debug|Any CPU
		{776EABE9-FF27-4F04-A1FA-ADF100F71AE8}.Debug|Any CPU.Build.0 = Debug|Any CPU
		{776EABE9-FF27-4F04-A1FA-ADF100F71AE8}.Release|Any CPU.ActiveCfg = Release|Any CPU
		{776EABE9-FF27-4F04-A1FA-ADF100F71AE8}.Release|Any CPU.Build.0 = Release|Any CPU
		{D15A6D09-62E7-4144-81DC-6CEDB43082D4}.Debug|Any CPU.ActiveCfg = Debug|Any CPU
		{D15A6D09-62E7-4144-81DC-6CEDB43082D4}.Debug|Any CPU.Build.0 = Debug|Any CPU
		{D15A6D09-62E7-4144-81DC-6CEDB43082D4}.Release|Any CPU.ActiveCfg = Release|Any CPU
		{D15A6D09-62E7-4144-81DC-6CEDB43082D4}.Release|Any CPU.Build.0 = Release|Any CPU
	EndGlobalSection
	GlobalSection(SolutionProperties) = preSolution
		HideSolutionNode = FALSE
	EndGlobalSection
	GlobalSection(ExtensibilityGlobals) = postSolution
		SolutionGuid = {AFCFD8A6-48C4-404A-9FC1-8EE40E07533D}
	EndGlobalSection
EndGlobal
